
Microsoft Visual Studio Solution File, Format Version 12.00
# Visual Studio Version 16
VisualStudioVersion = 16.0.32106.194
MinimumVisualStudioVersion = 10.0.40219.1
Project("{FAE04EC0-301F-11D3-BF4B-00C04F79EFBC}") = "Task1_ColorPick", "Task1_ColorPick\Task1_ColorPick.csproj", "{C73C8A57-7302-40F2-9133-2623D695A93D}"
EndProject
Global
	GlobalSection(SolutionConfigurationPlatforms) = preSolution
		Debug|Any CPU = Debug|Any CPU
		Release|Any CPU = Release|Any CPU
	EndGlobalSection
	GlobalSection(ProjectConfigurationPlatforms) = postSolution
		{C73C8A57-7302-40F2-9133-2623D695A93D}.Debug|Any CPU.ActiveCfg = Debug|Any CPU
		{C73C8A57-7302-40F2-9133-2623D695A93D}.Debug|Any CPU.Build.0 = Debug|Any CPU
		{C73C8A57-7302-40F2-9133-2623D695A93D}.Release|Any CPU.ActiveCfg = Release|Any CPU
		{C73C8A57-7302-40F2-9133-2623D695A93D}.Release|Any CPU.Build.0 = Release|Any CPU
	EndGlobalSection
	GlobalSection(SolutionProperties) = preSolution
		HideSolutionNode = FALSE
	EndGlobalSection
	GlobalSection(ExtensibilityGlobals) = postSolution
		SolutionGuid = {CED6113B-D641-4206-A17A-AD7E95130CA1}
	EndGlobalSection
EndGlobal
